
Microsoft Visual Studio Solution File, Format Version 12.00
# Visual Studio Version 16
VisualStudioVersion = 16.0.29728.190
MinimumVisualStudioVersion = 10.0.40219.1
Project("{FAE04EC0-301F-11D3-BF4B-00C04F79EFBC}") = "vucut_kıitle_indeksi_hesaplama", "vucut_kıitle_indeksi_hesaplama\vucut_kıitle_indeksi_hesaplama.csproj", "{31E98853-3E99-4BF6-9425-98C4DEB24C0A}"
EndProject
Global
	GlobalSection(SolutionConfigurationPlatforms) = preSolution
		Debug|Any CPU = Debug|Any CPU
		Release|Any CPU = Release|Any CPU
	EndGlobalSection
	GlobalSection(ProjectConfigurationPlatforms) = postSolution
		{31E98853-3E99-4BF6-9425-98C4DEB24C0A}.Debug|Any CPU.ActiveCfg = Debug|Any CPU
		{31E98853-3E99-4BF6-9425-98C4DEB24C0A}.Debug|Any CPU.Build.0 = Debug|Any CPU
		{31E98853-3E99-4BF6-9425-98C4DEB24C0A}.Release|Any CPU.ActiveCfg = Release|Any CPU
		{31E98853-3E99-4BF6-9425-98C4DEB24C0A}.Release|Any CPU.Build.0 = Release|Any CPU
	EndGlobalSection
	GlobalSection(SolutionProperties) = preSolution
		HideSolutionNode = FALSE
	EndGlobalSection
	GlobalSection(ExtensibilityGlobals) = postSolution
		SolutionGuid = {1F88682F-F007-4CE4-98AD-32170BC2F32F}
	EndGlobalSection
EndGlobal
